
Microsoft Visual Studio Solution File, Format Version 12.00
# Visual Studio 15
Project("{2150E333-8FDC-42A3-9474-1A3956D46DE8}") = "CMakePredefinedTargets", "CMakePredefinedTargets", "{F62E2172-5738-30F2-86D9-8E53C26D9248}"
EndProject
Project("{2150E333-8FDC-42A3-9474-1A3956D46DE8}") = "External", "External", "{D441B272-F09D-3F69-A00D-7529E2D67B88}"
EndProject
Project("{2150E333-8FDC-42A3-9474-1A3956D46DE8}") = "Internal", "Internal", "{7E37847D-6FA4-3B77-A7AA-8BAF57633805}"
EndProject
Project("{2150E333-8FDC-42A3-9474-1A3956D46DE8}") = "Utils", "Utils", "{0207287C-289B-3757-91F1-5C08131E3D54}"
EndProject
Project("{8BC9CEB8-8B4A-11D0-8D11-00A0C91BC942}") = "ALL_BUILD", "ALL_BUILD.vcxproj", "{E5CADC5B-F3D1-3662-8D4F-2183955880F2}"
	ProjectSection(ProjectDependencies) = postProject
		{74B1555B-1D02-3819-9982-2216101EF88D} = {74B1555B-1D02-3819-9982-2216101EF88D}
		{06BD9A3E-1065-35D8-81DF-903BB48B7B3A} = {06BD9A3E-1065-35D8-81DF-903BB48B7B3A}
		{0E20FE7A-C4AC-300D-927D-F513B957D2AF} = {0E20FE7A-C4AC-300D-927D-F513B957D2AF}
		{4EF721E0-5CD7-32EF-86A6-DEE7992B9365} = {4EF721E0-5CD7-32EF-86A6-DEE7992B9365}
		{9234A6AA-3E95-33FE-B5F6-9393D37472BA} = {9234A6AA-3E95-33FE-B5F6-9393D37472BA}
		{693BD24C-152A-3C1B-9929-1D644477E5A8} = {693BD24C-152A-3C1B-9929-1D644477E5A8}
		{8826504D-3298-34AC-9592-D53C4E19BA8C} = {8826504D-3298-34AC-9592-D53C4E19BA8C}
		{1A256726-CD52-3BC6-988E-3C0DA9A47DF3} = {1A256726-CD52-3BC6-988E-3C0DA9A47DF3}
		{0CE22115-B9D3-38B1-9EDA-2DABBD9759C8} = {0CE22115-B9D3-38B1-9EDA-2DABBD9759C8}
		{0F0B24E1-1733-39B3-A73E-346D758BE9A8} = {0F0B24E1-1733-39B3-A73E-346D758BE9A8}
		{B551A1D8-88BC-31CE-9E52-79A990464BAC} = {B551A1D8-88BC-31CE-9E52-79A990464BAC}
		{876197BA-C0A6-38A4-96EB-8662FEEA1FD3} = {876197BA-C0A6-38A4-96EB-8662FEEA1FD3}
		{E0446998-217A-36CE-95E7-AA2D645D1C98} = {E0446998-217A-36CE-95E7-AA2D645D1C98}
		{1DDF0F24-20C1-380E-866B-AC1356ADFEAA} = {1DDF0F24-20C1-380E-866B-AC1356ADFEAA}
		{48434942-C2D7-35A9-82F1-60D72272DCE6} = {48434942-C2D7-35A9-82F1-60D72272DCE6}
	EndProjectSection
EndProject
Project("{8BC9CEB8-8B4A-11D0-8D11-00A0C91BC942}") = "SYNC_RESOURCE-brawler", "SYNC_RESOURCE-brawler.vcxproj", "{74B1555B-1D02-3819-9982-2216101EF88D}"
	ProjectSection(ProjectDependencies) = postProject
		{06BD9A3E-1065-35D8-81DF-903BB48B7B3A} = {06BD9A3E-1065-35D8-81DF-903BB48B7B3A}
	EndProjectSection
EndProject
Project("{8BC9CEB8-8B4A-11D0-8D11-00A0C91BC942}") = "ZERO_CHECK", "ZERO_CHECK.vcxproj", "{06BD9A3E-1065-35D8-81DF-903BB48B7B3A}"
	ProjectSection(ProjectDependencies) = postProject
	EndProjectSection
EndProject
Project("{8BC9CEB8-8B4A-11D0-8D11-00A0C91BC942}") = "brawler", "brawler.vcxproj", "{0E20FE7A-C4AC-300D-927D-F513B957D2AF}"
	ProjectSection(ProjectDependencies) = postProject
		{74B1555B-1D02-3819-9982-2216101EF88D} = {74B1555B-1D02-3819-9982-2216101EF88D}
		{06BD9A3E-1065-35D8-81DF-903BB48B7B3A} = {06BD9A3E-1065-35D8-81DF-903BB48B7B3A}
		{4EF721E0-5CD7-32EF-86A6-DEE7992B9365} = {4EF721E0-5CD7-32EF-86A6-DEE7992B9365}
		{9234A6AA-3E95-33FE-B5F6-9393D37472BA} = {9234A6AA-3E95-33FE-B5F6-9393D37472BA}
		{693BD24C-152A-3C1B-9929-1D644477E5A8} = {693BD24C-152A-3C1B-9929-1D644477E5A8}
		{8826504D-3298-34AC-9592-D53C4E19BA8C} = {8826504D-3298-34AC-9592-D53C4E19BA8C}
		{1A256726-CD52-3BC6-988E-3C0DA9A47DF3} = {1A256726-CD52-3BC6-988E-3C0DA9A47DF3}
		{0CE22115-B9D3-38B1-9EDA-2DABBD9759C8} = {0CE22115-B9D3-38B1-9EDA-2DABBD9759C8}
		{0F0B24E1-1733-39B3-A73E-346D758BE9A8} = {0F0B24E1-1733-39B3-A73E-346D758BE9A8}
		{B551A1D8-88BC-31CE-9E52-79A990464BAC} = {B551A1D8-88BC-31CE-9E52-79A990464BAC}
		{876197BA-C0A6-38A4-96EB-8662FEEA1FD3} = {876197BA-C0A6-38A4-96EB-8662FEEA1FD3}
		{E0446998-217A-36CE-95E7-AA2D645D1C98} = {E0446998-217A-36CE-95E7-AA2D645D1C98}
		{1DDF0F24-20C1-380E-866B-AC1356ADFEAA} = {1DDF0F24-20C1-380E-866B-AC1356ADFEAA}
		{48434942-C2D7-35A9-82F1-60D72272DCE6} = {48434942-C2D7-35A9-82F1-60D72272DCE6}
	EndProjectSection
EndProject
Project("{8BC9CEB8-8B4A-11D0-8D11-00A0C91BC942}") = "cocos2d", "engine\cocos\core\cocos2d.vcxproj", "{4EF721E0-5CD7-32EF-86A6-DEE7992B9365}"
	ProjectSection(ProjectDependencies) = postProject
		{06BD9A3E-1065-35D8-81DF-903BB48B7B3A} = {06BD9A3E-1065-35D8-81DF-903BB48B7B3A}
		{9234A6AA-3E95-33FE-B5F6-9393D37472BA} = {9234A6AA-3E95-33FE-B5F6-9393D37472BA}
		{693BD24C-152A-3C1B-9929-1D644477E5A8} = {693BD24C-152A-3C1B-9929-1D644477E5A8}
		{8826504D-3298-34AC-9592-D53C4E19BA8C} = {8826504D-3298-34AC-9592-D53C4E19BA8C}
		{1A256726-CD52-3BC6-988E-3C0DA9A47DF3} = {1A256726-CD52-3BC6-988E-3C0DA9A47DF3}
		{0CE22115-B9D3-38B1-9EDA-2DABBD9759C8} = {0CE22115-B9D3-38B1-9EDA-2DABBD9759C8}
		{0F0B24E1-1733-39B3-A73E-346D758BE9A8} = {0F0B24E1-1733-39B3-A73E-346D758BE9A8}
		{B551A1D8-88BC-31CE-9E52-79A990464BAC} = {B551A1D8-88BC-31CE-9E52-79A990464BAC}
		{876197BA-C0A6-38A4-96EB-8662FEEA1FD3} = {876197BA-C0A6-38A4-96EB-8662FEEA1FD3}
		{E0446998-217A-36CE-95E7-AA2D645D1C98} = {E0446998-217A-36CE-95E7-AA2D645D1C98}
		{1DDF0F24-20C1-380E-866B-AC1356ADFEAA} = {1DDF0F24-20C1-380E-866B-AC1356ADFEAA}
		{48434942-C2D7-35A9-82F1-60D72272DCE6} = {48434942-C2D7-35A9-82F1-60D72272DCE6}
	EndProjectSection
EndProject
Project("{8BC9CEB8-8B4A-11D0-8D11-00A0C91BC942}") = "ext_clipper", "engine\external\clipper\ext_clipper.vcxproj", "{9234A6AA-3E95-33FE-B5F6-9393D37472BA}"
	ProjectSection(ProjectDependencies) = postProject
		{06BD9A3E-1065-35D8-81DF-903BB48B7B3A} = {06BD9A3E-1065-35D8-81DF-903BB48B7B3A}
	EndProjectSection
EndProject
Project("{8BC9CEB8-8B4A-11D0-8D11-00A0C91BC942}") = "ext_convertUTF", "engine\external\ConvertUTF\ext_convertUTF.vcxproj", "{693BD24C-152A-3C1B-9929-1D644477E5A8}"
	ProjectSection(ProjectDependencies) = postProject
		{06BD9A3E-1065-35D8-81DF-903BB48B7B3A} = {06BD9A3E-1065-35D8-81DF-903BB48B7B3A}
	EndProjectSection
EndProject
Project("{8BC9CEB8-8B4A-11D0-8D11-00A0C91BC942}") = "ext_edtaa3func", "engine\external\edtaa3func\ext_edtaa3func.vcxproj", "{8826504D-3298-34AC-9592-D53C4E19BA8C}"
	ProjectSection(ProjectDependencies) = postProject
		{06BD9A3E-1065-35D8-81DF-903BB48B7B3A} = {06BD9A3E-1065-35D8-81DF-903BB48B7B3A}
	EndProjectSection
EndProject
Project("{8BC9CEB8-8B4A-11D0-8D11-00A0C91BC942}") = "ext_md5", "engine\external\md5\ext_md5.vcxproj", "{1A256726-CD52-3BC6-988E-3C0DA9A47DF3}"
	ProjectSection(ProjectDependencies) = postProject
		{06BD9A3E-1065-35D8-81DF-903BB48B7B3A} = {06BD9A3E-1065-35D8-81DF-903BB48B7B3A}
	EndProjectSection
EndProject
Project("{8BC9CEB8-8B4A-11D0-8D11-00A0C91BC942}") = "ext_poly2tri", "engine\external\poly2tri\ext_poly2tri.vcxproj", "{0CE22115-B9D3-38B1-9EDA-2DABBD9759C8}"
	ProjectSection(ProjectDependencies) = postProject
		{06BD9A3E-1065-35D8-81DF-903BB48B7B3A} = {06BD9A3E-1065-35D8-81DF-903BB48B7B3A}
	EndProjectSection
EndProject
Project("{8BC9CEB8-8B4A-11D0-8D11-00A0C91BC942}") = "ext_recast", "engine\external\recast\ext_recast.vcxproj", "{0F0B24E1-1733-39B3-A73E-346D758BE9A8}"
	ProjectSection(ProjectDependencies) = postProject
		{06BD9A3E-1065-35D8-81DF-903BB48B7B3A} = {06BD9A3E-1065-35D8-81DF-903BB48B7B3A}
	EndProjectSection
EndProject
Project("{8BC9CEB8-8B4A-11D0-8D11-00A0C91BC942}") = "ext_tinyxml2", "engine\external\tinyxml2\ext_tinyxml2.vcxproj", "{B551A1D8-88BC-31CE-9E52-79A990464BAC}"
	ProjectSection(ProjectDependencies) = postProject
		{06BD9A3E-1065-35D8-81DF-903BB48B7B3A} = {06BD9A3E-1065-35D8-81DF-903BB48B7B3A}
	EndProjectSection
EndProject
Project("{8BC9CEB8-8B4A-11D0-8D11-00A0C91BC942}") = "ext_unzip", "engine\external\unzip\ext_unzip.vcxproj", "{876197BA-C0A6-38A4-96EB-8662FEEA1FD3}"
	ProjectSection(ProjectDependencies) = postProject
		{06BD9A3E-1065-35D8-81DF-903BB48B7B3A} = {06BD9A3E-1065-35D8-81DF-903BB48B7B3A}
	EndProjectSection
EndProject
Project("{8BC9CEB8-8B4A-11D0-8D11-00A0C91BC942}") = "ext_xxhash", "engine\external\xxhash\ext_xxhash.vcxproj", "{E0446998-217A-36CE-95E7-AA2D645D1C98}"
	ProjectSection(ProjectDependencies) = postProject
		{06BD9A3E-1065-35D8-81DF-903BB48B7B3A} = {06BD9A3E-1065-35D8-81DF-903BB48B7B3A}
	EndProjectSection
EndProject
Project("{8BC9CEB8-8B4A-11D0-8D11-00A0C91BC942}") = "ext_xxtea", "engine\external\xxtea\ext_xxtea.vcxproj", "{1DDF0F24-20C1-380E-866B-AC1356ADFEAA}"
	ProjectSection(ProjectDependencies) = postProject
		{06BD9A3E-1065-35D8-81DF-903BB48B7B3A} = {06BD9A3E-1065-35D8-81DF-903BB48B7B3A}
	EndProjectSection
EndProject
Project("{8BC9CEB8-8B4A-11D0-8D11-00A0C91BC942}") = "external", "engine\external\external.vcxproj", "{48434942-C2D7-35A9-82F1-60D72272DCE6}"
	ProjectSection(ProjectDependencies) = postProject
		{06BD9A3E-1065-35D8-81DF-903BB48B7B3A} = {06BD9A3E-1065-35D8-81DF-903BB48B7B3A}
		{9234A6AA-3E95-33FE-B5F6-9393D37472BA} = {9234A6AA-3E95-33FE-B5F6-9393D37472BA}
		{693BD24C-152A-3C1B-9929-1D644477E5A8} = {693BD24C-152A-3C1B-9929-1D644477E5A8}
		{8826504D-3298-34AC-9592-D53C4E19BA8C} = {8826504D-3298-34AC-9592-D53C4E19BA8C}
		{1A256726-CD52-3BC6-988E-3C0DA9A47DF3} = {1A256726-CD52-3BC6-988E-3C0DA9A47DF3}
		{0CE22115-B9D3-38B1-9EDA-2DABBD9759C8} = {0CE22115-B9D3-38B1-9EDA-2DABBD9759C8}
		{0F0B24E1-1733-39B3-A73E-346D758BE9A8} = {0F0B24E1-1733-39B3-A73E-346D758BE9A8}
		{B551A1D8-88BC-31CE-9E52-79A990464BAC} = {B551A1D8-88BC-31CE-9E52-79A990464BAC}
		{876197BA-C0A6-38A4-96EB-8662FEEA1FD3} = {876197BA-C0A6-38A4-96EB-8662FEEA1FD3}
		{E0446998-217A-36CE-95E7-AA2D645D1C98} = {E0446998-217A-36CE-95E7-AA2D645D1C98}
		{1DDF0F24-20C1-380E-866B-AC1356ADFEAA} = {1DDF0F24-20C1-380E-866B-AC1356ADFEAA}
	EndProjectSection
EndProject
Global
	GlobalSection(SolutionConfigurationPlatforms) = preSolution
		Debug|Win32 = Debug|Win32
		Release|Win32 = Release|Win32
		MinSizeRel|Win32 = MinSizeRel|Win32
		RelWithDebInfo|Win32 = RelWithDebInfo|Win32
	EndGlobalSection
	GlobalSection(ProjectConfigurationPlatforms) = postSolution
		{E5CADC5B-F3D1-3662-8D4F-2183955880F2}.Debug|Win32.ActiveCfg = Debug|Win32
		{E5CADC5B-F3D1-3662-8D4F-2183955880F2}.Release|Win32.ActiveCfg = Release|Win32
		{E5CADC5B-F3D1-3662-8D4F-2183955880F2}.MinSizeRel|Win32.ActiveCfg = MinSizeRel|Win32
		{E5CADC5B-F3D1-3662-8D4F-2183955880F2}.RelWithDebInfo|Win32.ActiveCfg = RelWithDebInfo|Win32
		{74B1555B-1D02-3819-9982-2216101EF88D}.Debug|Win32.ActiveCfg = Debug|Win32
		{74B1555B-1D02-3819-9982-2216101EF88D}.Debug|Win32.Build.0 = Debug|Win32
		{74B1555B-1D02-3819-9982-2216101EF88D}.Release|Win32.ActiveCfg = Release|Win32
		{74B1555B-1D02-3819-9982-2216101EF88D}.Release|Win32.Build.0 = Release|Win32
		{74B1555B-1D02-3819-9982-2216101EF88D}.MinSizeRel|Win32.ActiveCfg = MinSizeRel|Win32
		{74B1555B-1D02-3819-9982-2216101EF88D}.MinSizeRel|Win32.Build.0 = MinSizeRel|Win32
		{74B1555B-1D02-3819-9982-2216101EF88D}.RelWithDebInfo|Win32.ActiveCfg = RelWithDebInfo|Win32
		{74B1555B-1D02-3819-9982-2216101EF88D}.RelWithDebInfo|Win32.Build.0 = RelWithDebInfo|Win32
		{06BD9A3E-1065-35D8-81DF-903BB48B7B3A}.Debug|Win32.ActiveCfg = Debug|Win32
		{06BD9A3E-1065-35D8-81DF-903BB48B7B3A}.Debug|Win32.Build.0 = Debug|Win32
		{06BD9A3E-1065-35D8-81DF-903BB48B7B3A}.Release|Win32.ActiveCfg = Release|Win32
		{06BD9A3E-1065-35D8-81DF-903BB48B7B3A}.Release|Win32.Build.0 = Release|Win32
		{06BD9A3E-1065-35D8-81DF-903BB48B7B3A}.MinSizeRel|Win32.ActiveCfg = MinSizeRel|Win32
		{06BD9A3E-1065-35D8-81DF-903BB48B7B3A}.MinSizeRel|Win32.Build.0 = MinSizeRel|Win32
		{06BD9A3E-1065-35D8-81DF-903BB48B7B3A}.RelWithDebInfo|Win32.ActiveCfg = RelWithDebInfo|Win32
		{06BD9A3E-1065-35D8-81DF-903BB48B7B3A}.RelWithDebInfo|Win32.Build.0 = RelWithDebInfo|Win32
		{0E20FE7A-C4AC-300D-927D-F513B957D2AF}.Debug|Win32.ActiveCfg = Debug|Win32
		{0E20FE7A-C4AC-300D-927D-F513B957D2AF}.Debug|Win32.Build.0 = Debug|Win32
		{0E20FE7A-C4AC-300D-927D-F513B957D2AF}.Release|Win32.ActiveCfg = Release|Win32
		{0E20FE7A-C4AC-300D-927D-F513B957D2AF}.Release|Win32.Build.0 = Release|Win32
		{0E20FE7A-C4AC-300D-927D-F513B957D2AF}.MinSizeRel|Win32.ActiveCfg = MinSizeRel|Win32
		{0E20FE7A-C4AC-300D-927D-F513B957D2AF}.MinSizeRel|Win32.Build.0 = MinSizeRel|Win32
		{0E20FE7A-C4AC-300D-927D-F513B957D2AF}.RelWithDebInfo|Win32.ActiveCfg = RelWithDebInfo|Win32
		{0E20FE7A-C4AC-300D-927D-F513B957D2AF}.RelWithDebInfo|Win32.Build.0 = RelWithDebInfo|Win32
		{4EF721E0-5CD7-32EF-86A6-DEE7992B9365}.Debug|Win32.ActiveCfg = Debug|Win32
		{4EF721E0-5CD7-32EF-86A6-DEE7992B9365}.Debug|Win32.Build.0 = Debug|Win32
		{4EF721E0-5CD7-32EF-86A6-DEE7992B9365}.Release|Win32.ActiveCfg = Release|Win32
		{4EF721E0-5CD7-32EF-86A6-DEE7992B9365}.Release|Win32.Build.0 = Release|Win32
		{4EF721E0-5CD7-32EF-86A6-DEE7992B9365}.MinSizeRel|Win32.ActiveCfg = MinSizeRel|Win32
		{4EF721E0-5CD7-32EF-86A6-DEE7992B9365}.MinSizeRel|Win32.Build.0 = MinSizeRel|Win32
		{4EF721E0-5CD7-32EF-86A6-DEE7992B9365}.RelWithDebInfo|Win32.ActiveCfg = RelWithDebInfo|Win32
		{4EF721E0-5CD7-32EF-86A6-DEE7992B9365}.RelWithDebInfo|Win32.Build.0 = RelWithDebInfo|Win32
		{9234A6AA-3E95-33FE-B5F6-9393D37472BA}.Debug|Win32.ActiveCfg = Debug|Win32
		{9234A6AA-3E95-33FE-B5F6-9393D37472BA}.Debug|Win32.Build.0 = Debug|Win32
		{9234A6AA-3E95-33FE-B5F6-9393D37472BA}.Release|Win32.ActiveCfg = Release|Win32
		{9234A6AA-3E95-33FE-B5F6-9393D37472BA}.Release|Win32.Build.0 = Release|Win32
		{9234A6AA-3E95-33FE-B5F6-9393D37472BA}.MinSizeRel|Win32.ActiveCfg = MinSizeRel|Win32
		{9234A6AA-3E95-33FE-B5F6-9393D37472BA}.MinSizeRel|Win32.Build.0 = MinSizeRel|Win32
		{9234A6AA-3E95-33FE-B5F6-9393D37472BA}.RelWithDebInfo|Win32.ActiveCfg = RelWithDebInfo|Win32
		{9234A6AA-3E95-33FE-B5F6-9393D37472BA}.RelWithDebInfo|Win32.Build.0 = RelWithDebInfo|Win32
		{693BD24C-152A-3C1B-9929-1D644477E5A8}.Debug|Win32.ActiveCfg = Debug|Win32
		{693BD24C-152A-3C1B-9929-1D644477E5A8}.Debug|Win32.Build.0 = Debug|Win32
		{693BD24C-152A-3C1B-9929-1D644477E5A8}.Release|Win32.ActiveCfg = Release|Win32
		{693BD24C-152A-3C1B-9929-1D644477E5A8}.Release|Win32.Build.0 = Release|Win32
		{693BD24C-152A-3C1B-9929-1D644477E5A8}.MinSizeRel|Win32.ActiveCfg = MinSizeRel|Win32
		{693BD24C-152A-3C1B-9929-1D644477E5A8}.MinSizeRel|Win32.Build.0 = MinSizeRel|Win32
		{693BD24C-152A-3C1B-9929-1D644477E5A8}.RelWithDebInfo|Win32.ActiveCfg = RelWithDebInfo|Win32
		{693BD24C-152A-3C1B-9929-1D644477E5A8}.RelWithDebInfo|Win32.Build.0 = RelWithDebInfo|Win32
		{8826504D-3298-34AC-9592-D53C4E19BA8C}.Debug|Win32.ActiveCfg = Debug|Win32
		{8826504D-3298-34AC-9592-D53C4E19BA8C}.Debug|Win32.Build.0 = Debug|Win32
		{8826504D-3298-34AC-9592-D53C4E19BA8C}.Release|Win32.ActiveCfg = Release|Win32
		{8826504D-3298-34AC-9592-D53C4E19BA8C}.Release|Win32.Build.0 = Release|Win32
		{8826504D-3298-34AC-9592-D53C4E19BA8C}.MinSizeRel|Win32.ActiveCfg = MinSizeRel|Win32
		{8826504D-3298-34AC-9592-D53C4E19BA8C}.MinSizeRel|Win32.Build.0 = MinSizeRel|Win32
		{8826504D-3298-34AC-9592-D53C4E19BA8C}.RelWithDebInfo|Win32.ActiveCfg = RelWithDebInfo|Win32
		{8826504D-3298-34AC-9592-D53C4E19BA8C}.RelWithDebInfo|Win32.Build.0 = RelWithDebInfo|Win32
		{1A256726-CD52-3BC6-988E-3C0DA9A47DF3}.Debug|Win32.ActiveCfg = Debug|Win32
		{1A256726-CD52-3BC6-988E-3C0DA9A47DF3}.Debug|Win32.Build.0 = Debug|Win32
		{1A256726-CD52-3BC6-988E-3C0DA9A47DF3}.Release|Win32.ActiveCfg = Release|Win32
		{1A256726-CD52-3BC6-988E-3C0DA9A47DF3}.Release|Win32.Build.0 = Release|Win32
		{1A256726-CD52-3BC6-988E-3C0DA9A47DF3}.MinSizeRel|Win32.ActiveCfg = MinSizeRel|Win32
		{1A256726-CD52-3BC6-988E-3C0DA9A47DF3}.MinSizeRel|Win32.Build.0 = MinSizeRel|Win32
		{1A256726-CD52-3BC6-988E-3C0DA9A47DF3}.RelWithDebInfo|Win32.ActiveCfg = RelWithDebInfo|Win32
		{1A256726-CD52-3BC6-988E-3C0DA9A47DF3}.RelWithDebInfo|Win32.Build.0 = RelWithDebInfo|Win32
		{0CE22115-B9D3-38B1-9EDA-2DABBD9759C8}.Debug|Win32.ActiveCfg = Debug|Win32
		{0CE22115-B9D3-38B1-9EDA-2DABBD9759C8}.Debug|Win32.Build.0 = Debug|Win32
		{0CE22115-B9D3-38B1-9EDA-2DABBD9759C8}.Release|Win32.ActiveCfg = Release|Win32
		{0CE22115-B9D3-38B1-9EDA-2DABBD9759C8}.Release|Win32.Build.0 = Release|Win32
		{0CE22115-B9D3-38B1-9EDA-2DABBD9759C8}.MinSizeRel|Win32.ActiveCfg = MinSizeRel|Win32
		{0CE22115-B9D3-38B1-9EDA-2DABBD9759C8}.MinSizeRel|Win32.Build.0 = MinSizeRel|Win32
		{0CE22115-B9D3-38B1-9EDA-2DABBD9759C8}.RelWithDebInfo|Win32.ActiveCfg = RelWithDebInfo|Win32
		{0CE22115-B9D3-38B1-9EDA-2DABBD9759C8}.RelWithDebInfo|Win32.Build.0 = RelWithDebInfo|Win32
		{0F0B24E1-1733-39B3-A73E-346D758BE9A8}.Debug|Win32.ActiveCfg = Debug|Win32
		{0F0B24E1-1733-39B3-A73E-346D758BE9A8}.Debug|Win32.Build.0 = Debug|Win32
		{0F0B24E1-1733-39B3-A73E-346D758BE9A8}.Release|Win32.ActiveCfg = Release|Win32
		{0F0B24E1-1733-39B3-A73E-346D758BE9A8}.Release|Win32.Build.0 = Release|Win32
		{0F0B24E1-1733-39B3-A73E-346D758BE9A8}.MinSizeRel|Win32.ActiveCfg = MinSizeRel|Win32
		{0F0B24E1-1733-39B3-A73E-346D758BE9A8}.MinSizeRel|Win32.Build.0 = MinSizeRel|Win32
		{0F0B24E1-1733-39B3-A73E-346D758BE9A8}.RelWithDebInfo|Win32.ActiveCfg = RelWithDebInfo|Win32
		{0F0B24E1-1733-39B3-A73E-346D758BE9A8}.RelWithDebInfo|Win32.Build.0 = RelWithDebInfo|Win32
		{B551A1D8-88BC-31CE-9E52-79A990464BAC}.Debug|Win32.ActiveCfg = Debug|Win32
		{B551A1D8-88BC-31CE-9E52-79A990464BAC}.Debug|Win32.Build.0 = Debug|Win32
		{B551A1D8-88BC-31CE-9E52-79A990464BAC}.Release|Win32.ActiveCfg = Release|Win32
		{B551A1D8-88BC-31CE-9E52-79A990464BAC}.Release|Win32.Build.0 = Release|Win32
		{B551A1D8-88BC-31CE-9E52-79A990464BAC}.MinSizeRel|Win32.ActiveCfg = MinSizeRel|Win32
		{B551A1D8-88BC-31CE-9E52-79A990464BAC}.MinSizeRel|Win32.Build.0 = MinSizeRel|Win32
		{B551A1D8-88BC-31CE-9E52-79A990464BAC}.RelWithDebInfo|Win32.ActiveCfg = RelWithDebInfo|Win32
		{B551A1D8-88BC-31CE-9E52-79A990464BAC}.RelWithDebInfo|Win32.Build.0 = RelWithDebInfo|Win32
		{876197BA-C0A6-38A4-96EB-8662FEEA1FD3}.Debug|Win32.ActiveCfg = Debug|Win32
		{876197BA-C0A6-38A4-96EB-8662FEEA1FD3}.Debug|Win32.Build.0 = Debug|Win32
		{876197BA-C0A6-38A4-96EB-8662FEEA1FD3}.Release|Win32.ActiveCfg = Release|Win32
		{876197BA-C0A6-38A4-96EB-8662FEEA1FD3}.Release|Win32.Build.0 = Release|Win32
		{876197BA-C0A6-38A4-96EB-8662FEEA1FD3}.MinSizeRel|Win32.ActiveCfg = MinSizeRel|Win32
		{876197BA-C0A6-38A4-96EB-8662FEEA1FD3}.MinSizeRel|Win32.Build.0 = MinSizeRel|Win32
		{876197BA-C0A6-38A4-96EB-8662FEEA1FD3}.RelWithDebInfo|Win32.ActiveCfg = RelWithDebInfo|Win32
		{876197BA-C0A6-38A4-96EB-8662FEEA1FD3}.RelWithDebInfo|Win32.Build.0 = RelWithDebInfo|Win32
		{E0446998-217A-36CE-95E7-AA2D645D1C98}.Debug|Win32.ActiveCfg = Debug|Win32
		{E0446998-217A-36CE-95E7-AA2D645D1C98}.Debug|Win32.Build.0 = Debug|Win32
		{E0446998-217A-36CE-95E7-AA2D645D1C98}.Release|Win32.ActiveCfg = Release|Win32
		{E0446998-217A-36CE-95E7-AA2D645D1C98}.Release|Win32.Build.0 = Release|Win32
		{E0446998-217A-36CE-95E7-AA2D645D1C98}.MinSizeRel|Win32.ActiveCfg = MinSizeRel|Win32
		{E0446998-217A-36CE-95E7-AA2D645D1C98}.MinSizeRel|Win32.Build.0 = MinSizeRel|Win32
		{E0446998-217A-36CE-95E7-AA2D645D1C98}.RelWithDebInfo|Win32.ActiveCfg = RelWithDebInfo|Win32
		{E0446998-217A-36CE-95E7-AA2D645D1C98}.RelWithDebInfo|Win32.Build.0 = RelWithDebInfo|Win32
		{1DDF0F24-20C1-380E-866B-AC1356ADFEAA}.Debug|Win32.ActiveCfg = Debug|Win32
		{1DDF0F24-20C1-380E-866B-AC1356ADFEAA}.Debug|Win32.Build.0 = Debug|Win32
		{1DDF0F24-20C1-380E-866B-AC1356ADFEAA}.Release|Win32.ActiveCfg = Release|Win32
		{1DDF0F24-20C1-380E-866B-AC1356ADFEAA}.Release|Win32.Build.0 = Release|Win32
		{1DDF0F24-20C1-380E-866B-AC1356ADFEAA}.MinSizeRel|Win32.ActiveCfg = MinSizeRel|Win32
		{1DDF0F24-20C1-380E-866B-AC1356ADFEAA}.MinSizeRel|Win32.Build.0 = MinSizeRel|Win32
		{1DDF0F24-20C1-380E-866B-AC1356ADFEAA}.RelWithDebInfo|Win32.ActiveCfg = RelWithDebInfo|Win32
		{1DDF0F24-20C1-380E-866B-AC1356ADFEAA}.RelWithDebInfo|Win32.Build.0 = RelWithDebInfo|Win32
		{48434942-C2D7-35A9-82F1-60D72272DCE6}.Debug|Win32.ActiveCfg = Debug|Win32
		{48434942-C2D7-35A9-82F1-60D72272DCE6}.Debug|Win32.Build.0 = Debug|Win32
		{48434942-C2D7-35A9-82F1-60D72272DCE6}.Release|Win32.ActiveCfg = Release|Win32
		{48434942-C2D7-35A9-82F1-60D72272DCE6}.Release|Win32.Build.0 = Release|Win32
		{48434942-C2D7-35A9-82F1-60D72272DCE6}.MinSizeRel|Win32.ActiveCfg = MinSizeRel|Win32
		{48434942-C2D7-35A9-82F1-60D72272DCE6}.MinSizeRel|Win32.Build.0 = MinSizeRel|Win32
		{48434942-C2D7-35A9-82F1-60D72272DCE6}.RelWithDebInfo|Win32.ActiveCfg = RelWithDebInfo|Win32
		{48434942-C2D7-35A9-82F1-60D72272DCE6}.RelWithDebInfo|Win32.Build.0 = RelWithDebInfo|Win32
	EndGlobalSection
	GlobalSection(NestedProjects) = preSolution
		{E5CADC5B-F3D1-3662-8D4F-2183955880F2} = {F62E2172-5738-30F2-86D9-8E53C26D9248}
		{06BD9A3E-1065-35D8-81DF-903BB48B7B3A} = {F62E2172-5738-30F2-86D9-8E53C26D9248}
		{9234A6AA-3E95-33FE-B5F6-9393D37472BA} = {D441B272-F09D-3F69-A00D-7529E2D67B88}
		{693BD24C-152A-3C1B-9929-1D644477E5A8} = {D441B272-F09D-3F69-A00D-7529E2D67B88}
		{8826504D-3298-34AC-9592-D53C4E19BA8C} = {D441B272-F09D-3F69-A00D-7529E2D67B88}
		{1A256726-CD52-3BC6-988E-3C0DA9A47DF3} = {D441B272-F09D-3F69-A00D-7529E2D67B88}
		{0CE22115-B9D3-38B1-9EDA-2DABBD9759C8} = {D441B272-F09D-3F69-A00D-7529E2D67B88}
		{0F0B24E1-1733-39B3-A73E-346D758BE9A8} = {D441B272-F09D-3F69-A00D-7529E2D67B88}
		{B551A1D8-88BC-31CE-9E52-79A990464BAC} = {D441B272-F09D-3F69-A00D-7529E2D67B88}
		{876197BA-C0A6-38A4-96EB-8662FEEA1FD3} = {D441B272-F09D-3F69-A00D-7529E2D67B88}
		{E0446998-217A-36CE-95E7-AA2D645D1C98} = {D441B272-F09D-3F69-A00D-7529E2D67B88}
		{1DDF0F24-20C1-380E-866B-AC1356ADFEAA} = {D441B272-F09D-3F69-A00D-7529E2D67B88}
		{48434942-C2D7-35A9-82F1-60D72272DCE6} = {D441B272-F09D-3F69-A00D-7529E2D67B88}
		{4EF721E0-5CD7-32EF-86A6-DEE7992B9365} = {7E37847D-6FA4-3B77-A7AA-8BAF57633805}
		{74B1555B-1D02-3819-9982-2216101EF88D} = {0207287C-289B-3757-91F1-5C08131E3D54}
	EndGlobalSection
	GlobalSection(ExtensibilityGlobals) = postSolution
		SolutionGuid = {1F06E981-01BD-38DC-97AA-87F4BDF948CC}
	EndGlobalSection
	GlobalSection(ExtensibilityAddIns) = postSolution
	EndGlobalSection
EndGlobal
