
Microsoft Visual Studio Solution File, Format Version 12.00
# Visual Studio 15
Project("{2150E333-8FDC-42A3-9474-1A3956D46DE8}") = "CMakePredefinedTargets", "CMakePredefinedTargets", "{9B1333FD-F6CA-39A1-BB63-0215D6557E25}"
EndProject
Project("{2150E333-8FDC-42A3-9474-1A3956D46DE8}") = "External", "External", "{D94F9B59-10B7-38F4-8E21-77FF7DB30BC3}"
EndProject
Project("{2150E333-8FDC-42A3-9474-1A3956D46DE8}") = "Internal", "Internal", "{7A1DE077-85CF-3808-AE9F-E67531D17C7A}"
EndProject
Project("{2150E333-8FDC-42A3-9474-1A3956D46DE8}") = "Utils", "Utils", "{78FDEF2B-B260-3698-B6CC-7DDBE449B5D6}"
EndProject
Project("{8BC9CEB8-8B4A-11D0-8D11-00A0C91BC942}") = "ALL_BUILD", "ALL_BUILD.vcxproj", "{56C4553B-2BF4-3008-BD52-B115AFFBA007}"
	ProjectSection(ProjectDependencies) = postProject
		{15088783-92AF-34A8-8C02-C9830DA25EE0} = {15088783-92AF-34A8-8C02-C9830DA25EE0}
		{FE42C369-92A7-3284-83A3-4A634328BF72} = {FE42C369-92A7-3284-83A3-4A634328BF72}
		{BDEC62D3-8206-3ADD-B512-F797BC24BBC8} = {BDEC62D3-8206-3ADD-B512-F797BC24BBC8}
		{560E5F92-33A1-333E-A4EC-B18ECDB80265} = {560E5F92-33A1-333E-A4EC-B18ECDB80265}
		{848C8518-DBB3-3BB8-9588-DF4C3B4DA055} = {848C8518-DBB3-3BB8-9588-DF4C3B4DA055}
		{2DA22D7B-3ED7-3E8D-BE7A-194B2BD3CEF3} = {2DA22D7B-3ED7-3E8D-BE7A-194B2BD3CEF3}
		{E75398FB-62F6-3923-8109-A498561449C7} = {E75398FB-62F6-3923-8109-A498561449C7}
		{C020CFD4-6175-34F8-9FED-D5B431CC03BF} = {C020CFD4-6175-34F8-9FED-D5B431CC03BF}
		{D5489FA6-80C2-3F46-840D-D4A982D9B325} = {D5489FA6-80C2-3F46-840D-D4A982D9B325}
		{92C17567-9678-31CC-B34A-54180BEFF1EB} = {92C17567-9678-31CC-B34A-54180BEFF1EB}
		{AFFD7C70-7AFC-382F-940D-E64DD78A7BCA} = {AFFD7C70-7AFC-382F-940D-E64DD78A7BCA}
		{40DC3199-878A-377E-8571-EC55FF6665F1} = {40DC3199-878A-377E-8571-EC55FF6665F1}
		{89A5C86A-7C42-380E-9BF9-0993AECE0AA6} = {89A5C86A-7C42-380E-9BF9-0993AECE0AA6}
		{EB3741AE-0F40-3587-8322-6EC43C77FAAD} = {EB3741AE-0F40-3587-8322-6EC43C77FAAD}
		{29404FEE-F8E7-3BBD-A565-A30CF0C2E8FC} = {29404FEE-F8E7-3BBD-A565-A30CF0C2E8FC}
	EndProjectSection
EndProject
Project("{8BC9CEB8-8B4A-11D0-8D11-00A0C91BC942}") = "SYNC_RESOURCE-brawler", "SYNC_RESOURCE-brawler.vcxproj", "{15088783-92AF-34A8-8C02-C9830DA25EE0}"
	ProjectSection(ProjectDependencies) = postProject
		{FE42C369-92A7-3284-83A3-4A634328BF72} = {FE42C369-92A7-3284-83A3-4A634328BF72}
	EndProjectSection
EndProject
Project("{8BC9CEB8-8B4A-11D0-8D11-00A0C91BC942}") = "ZERO_CHECK", "ZERO_CHECK.vcxproj", "{FE42C369-92A7-3284-83A3-4A634328BF72}"
	ProjectSection(ProjectDependencies) = postProject
	EndProjectSection
EndProject
Project("{8BC9CEB8-8B4A-11D0-8D11-00A0C91BC942}") = "brawler", "brawler.vcxproj", "{BDEC62D3-8206-3ADD-B512-F797BC24BBC8}"
	ProjectSection(ProjectDependencies) = postProject
		{15088783-92AF-34A8-8C02-C9830DA25EE0} = {15088783-92AF-34A8-8C02-C9830DA25EE0}
		{FE42C369-92A7-3284-83A3-4A634328BF72} = {FE42C369-92A7-3284-83A3-4A634328BF72}
		{560E5F92-33A1-333E-A4EC-B18ECDB80265} = {560E5F92-33A1-333E-A4EC-B18ECDB80265}
		{848C8518-DBB3-3BB8-9588-DF4C3B4DA055} = {848C8518-DBB3-3BB8-9588-DF4C3B4DA055}
		{2DA22D7B-3ED7-3E8D-BE7A-194B2BD3CEF3} = {2DA22D7B-3ED7-3E8D-BE7A-194B2BD3CEF3}
		{E75398FB-62F6-3923-8109-A498561449C7} = {E75398FB-62F6-3923-8109-A498561449C7}
		{C020CFD4-6175-34F8-9FED-D5B431CC03BF} = {C020CFD4-6175-34F8-9FED-D5B431CC03BF}
		{D5489FA6-80C2-3F46-840D-D4A982D9B325} = {D5489FA6-80C2-3F46-840D-D4A982D9B325}
		{92C17567-9678-31CC-B34A-54180BEFF1EB} = {92C17567-9678-31CC-B34A-54180BEFF1EB}
		{AFFD7C70-7AFC-382F-940D-E64DD78A7BCA} = {AFFD7C70-7AFC-382F-940D-E64DD78A7BCA}
		{40DC3199-878A-377E-8571-EC55FF6665F1} = {40DC3199-878A-377E-8571-EC55FF6665F1}
		{89A5C86A-7C42-380E-9BF9-0993AECE0AA6} = {89A5C86A-7C42-380E-9BF9-0993AECE0AA6}
		{EB3741AE-0F40-3587-8322-6EC43C77FAAD} = {EB3741AE-0F40-3587-8322-6EC43C77FAAD}
		{29404FEE-F8E7-3BBD-A565-A30CF0C2E8FC} = {29404FEE-F8E7-3BBD-A565-A30CF0C2E8FC}
	EndProjectSection
EndProject
Project("{8BC9CEB8-8B4A-11D0-8D11-00A0C91BC942}") = "cocos2d", "engine\cocos\core\cocos2d.vcxproj", "{560E5F92-33A1-333E-A4EC-B18ECDB80265}"
	ProjectSection(ProjectDependencies) = postProject
		{FE42C369-92A7-3284-83A3-4A634328BF72} = {FE42C369-92A7-3284-83A3-4A634328BF72}
		{848C8518-DBB3-3BB8-9588-DF4C3B4DA055} = {848C8518-DBB3-3BB8-9588-DF4C3B4DA055}
		{2DA22D7B-3ED7-3E8D-BE7A-194B2BD3CEF3} = {2DA22D7B-3ED7-3E8D-BE7A-194B2BD3CEF3}
		{E75398FB-62F6-3923-8109-A498561449C7} = {E75398FB-62F6-3923-8109-A498561449C7}
		{C020CFD4-6175-34F8-9FED-D5B431CC03BF} = {C020CFD4-6175-34F8-9FED-D5B431CC03BF}
		{D5489FA6-80C2-3F46-840D-D4A982D9B325} = {D5489FA6-80C2-3F46-840D-D4A982D9B325}
		{92C17567-9678-31CC-B34A-54180BEFF1EB} = {92C17567-9678-31CC-B34A-54180BEFF1EB}
		{AFFD7C70-7AFC-382F-940D-E64DD78A7BCA} = {AFFD7C70-7AFC-382F-940D-E64DD78A7BCA}
		{40DC3199-878A-377E-8571-EC55FF6665F1} = {40DC3199-878A-377E-8571-EC55FF6665F1}
		{89A5C86A-7C42-380E-9BF9-0993AECE0AA6} = {89A5C86A-7C42-380E-9BF9-0993AECE0AA6}
		{EB3741AE-0F40-3587-8322-6EC43C77FAAD} = {EB3741AE-0F40-3587-8322-6EC43C77FAAD}
		{29404FEE-F8E7-3BBD-A565-A30CF0C2E8FC} = {29404FEE-F8E7-3BBD-A565-A30CF0C2E8FC}
	EndProjectSection
EndProject
Project("{8BC9CEB8-8B4A-11D0-8D11-00A0C91BC942}") = "ext_clipper", "engine\external\clipper\ext_clipper.vcxproj", "{848C8518-DBB3-3BB8-9588-DF4C3B4DA055}"
	ProjectSection(ProjectDependencies) = postProject
		{FE42C369-92A7-3284-83A3-4A634328BF72} = {FE42C369-92A7-3284-83A3-4A634328BF72}
	EndProjectSection
EndProject
Project("{8BC9CEB8-8B4A-11D0-8D11-00A0C91BC942}") = "ext_convertUTF", "engine\external\ConvertUTF\ext_convertUTF.vcxproj", "{2DA22D7B-3ED7-3E8D-BE7A-194B2BD3CEF3}"
	ProjectSection(ProjectDependencies) = postProject
		{FE42C369-92A7-3284-83A3-4A634328BF72} = {FE42C369-92A7-3284-83A3-4A634328BF72}
	EndProjectSection
EndProject
Project("{8BC9CEB8-8B4A-11D0-8D11-00A0C91BC942}") = "ext_edtaa3func", "engine\external\edtaa3func\ext_edtaa3func.vcxproj", "{E75398FB-62F6-3923-8109-A498561449C7}"
	ProjectSection(ProjectDependencies) = postProject
		{FE42C369-92A7-3284-83A3-4A634328BF72} = {FE42C369-92A7-3284-83A3-4A634328BF72}
	EndProjectSection
EndProject
Project("{8BC9CEB8-8B4A-11D0-8D11-00A0C91BC942}") = "ext_md5", "engine\external\md5\ext_md5.vcxproj", "{C020CFD4-6175-34F8-9FED-D5B431CC03BF}"
	ProjectSection(ProjectDependencies) = postProject
		{FE42C369-92A7-3284-83A3-4A634328BF72} = {FE42C369-92A7-3284-83A3-4A634328BF72}
	EndProjectSection
EndProject
Project("{8BC9CEB8-8B4A-11D0-8D11-00A0C91BC942}") = "ext_poly2tri", "engine\external\poly2tri\ext_poly2tri.vcxproj", "{D5489FA6-80C2-3F46-840D-D4A982D9B325}"
	ProjectSection(ProjectDependencies) = postProject
		{FE42C369-92A7-3284-83A3-4A634328BF72} = {FE42C369-92A7-3284-83A3-4A634328BF72}
	EndProjectSection
EndProject
Project("{8BC9CEB8-8B4A-11D0-8D11-00A0C91BC942}") = "ext_recast", "engine\external\recast\ext_recast.vcxproj", "{92C17567-9678-31CC-B34A-54180BEFF1EB}"
	ProjectSection(ProjectDependencies) = postProject
		{FE42C369-92A7-3284-83A3-4A634328BF72} = {FE42C369-92A7-3284-83A3-4A634328BF72}
	EndProjectSection
EndProject
Project("{8BC9CEB8-8B4A-11D0-8D11-00A0C91BC942}") = "ext_tinyxml2", "engine\external\tinyxml2\ext_tinyxml2.vcxproj", "{AFFD7C70-7AFC-382F-940D-E64DD78A7BCA}"
	ProjectSection(ProjectDependencies) = postProject
		{FE42C369-92A7-3284-83A3-4A634328BF72} = {FE42C369-92A7-3284-83A3-4A634328BF72}
	EndProjectSection
EndProject
Project("{8BC9CEB8-8B4A-11D0-8D11-00A0C91BC942}") = "ext_unzip", "engine\external\unzip\ext_unzip.vcxproj", "{40DC3199-878A-377E-8571-EC55FF6665F1}"
	ProjectSection(ProjectDependencies) = postProject
		{FE42C369-92A7-3284-83A3-4A634328BF72} = {FE42C369-92A7-3284-83A3-4A634328BF72}
	EndProjectSection
EndProject
Project("{8BC9CEB8-8B4A-11D0-8D11-00A0C91BC942}") = "ext_xxhash", "engine\external\xxhash\ext_xxhash.vcxproj", "{89A5C86A-7C42-380E-9BF9-0993AECE0AA6}"
	ProjectSection(ProjectDependencies) = postProject
		{FE42C369-92A7-3284-83A3-4A634328BF72} = {FE42C369-92A7-3284-83A3-4A634328BF72}
	EndProjectSection
EndProject
Project("{8BC9CEB8-8B4A-11D0-8D11-00A0C91BC942}") = "ext_xxtea", "engine\external\xxtea\ext_xxtea.vcxproj", "{EB3741AE-0F40-3587-8322-6EC43C77FAAD}"
	ProjectSection(ProjectDependencies) = postProject
		{FE42C369-92A7-3284-83A3-4A634328BF72} = {FE42C369-92A7-3284-83A3-4A634328BF72}
	EndProjectSection
EndProject
Project("{8BC9CEB8-8B4A-11D0-8D11-00A0C91BC942}") = "external", "engine\external\external.vcxproj", "{29404FEE-F8E7-3BBD-A565-A30CF0C2E8FC}"
	ProjectSection(ProjectDependencies) = postProject
		{FE42C369-92A7-3284-83A3-4A634328BF72} = {FE42C369-92A7-3284-83A3-4A634328BF72}
		{848C8518-DBB3-3BB8-9588-DF4C3B4DA055} = {848C8518-DBB3-3BB8-9588-DF4C3B4DA055}
		{2DA22D7B-3ED7-3E8D-BE7A-194B2BD3CEF3} = {2DA22D7B-3ED7-3E8D-BE7A-194B2BD3CEF3}
		{E75398FB-62F6-3923-8109-A498561449C7} = {E75398FB-62F6-3923-8109-A498561449C7}
		{C020CFD4-6175-34F8-9FED-D5B431CC03BF} = {C020CFD4-6175-34F8-9FED-D5B431CC03BF}
		{D5489FA6-80C2-3F46-840D-D4A982D9B325} = {D5489FA6-80C2-3F46-840D-D4A982D9B325}
		{92C17567-9678-31CC-B34A-54180BEFF1EB} = {92C17567-9678-31CC-B34A-54180BEFF1EB}
		{AFFD7C70-7AFC-382F-940D-E64DD78A7BCA} = {AFFD7C70-7AFC-382F-940D-E64DD78A7BCA}
		{40DC3199-878A-377E-8571-EC55FF6665F1} = {40DC3199-878A-377E-8571-EC55FF6665F1}
		{89A5C86A-7C42-380E-9BF9-0993AECE0AA6} = {89A5C86A-7C42-380E-9BF9-0993AECE0AA6}
		{EB3741AE-0F40-3587-8322-6EC43C77FAAD} = {EB3741AE-0F40-3587-8322-6EC43C77FAAD}
	EndProjectSection
EndProject
Global
	GlobalSection(SolutionConfigurationPlatforms) = preSolution
		Debug|Win32 = Debug|Win32
		Release|Win32 = Release|Win32
		MinSizeRel|Win32 = MinSizeRel|Win32
		RelWithDebInfo|Win32 = RelWithDebInfo|Win32
	EndGlobalSection
	GlobalSection(ProjectConfigurationPlatforms) = postSolution
		{56C4553B-2BF4-3008-BD52-B115AFFBA007}.Debug|Win32.ActiveCfg = Debug|Win32
		{56C4553B-2BF4-3008-BD52-B115AFFBA007}.Release|Win32.ActiveCfg = Release|Win32
		{56C4553B-2BF4-3008-BD52-B115AFFBA007}.MinSizeRel|Win32.ActiveCfg = MinSizeRel|Win32
		{56C4553B-2BF4-3008-BD52-B115AFFBA007}.RelWithDebInfo|Win32.ActiveCfg = RelWithDebInfo|Win32
		{15088783-92AF-34A8-8C02-C9830DA25EE0}.Debug|Win32.ActiveCfg = Debug|Win32
		{15088783-92AF-34A8-8C02-C9830DA25EE0}.Debug|Win32.Build.0 = Debug|Win32
		{15088783-92AF-34A8-8C02-C9830DA25EE0}.Release|Win32.ActiveCfg = Release|Win32
		{15088783-92AF-34A8-8C02-C9830DA25EE0}.Release|Win32.Build.0 = Release|Win32
		{15088783-92AF-34A8-8C02-C9830DA25EE0}.MinSizeRel|Win32.ActiveCfg = MinSizeRel|Win32
		{15088783-92AF-34A8-8C02-C9830DA25EE0}.MinSizeRel|Win32.Build.0 = MinSizeRel|Win32
		{15088783-92AF-34A8-8C02-C9830DA25EE0}.RelWithDebInfo|Win32.ActiveCfg = RelWithDebInfo|Win32
		{15088783-92AF-34A8-8C02-C9830DA25EE0}.RelWithDebInfo|Win32.Build.0 = RelWithDebInfo|Win32
		{FE42C369-92A7-3284-83A3-4A634328BF72}.Debug|Win32.ActiveCfg = Debug|Win32
		{FE42C369-92A7-3284-83A3-4A634328BF72}.Debug|Win32.Build.0 = Debug|Win32
		{FE42C369-92A7-3284-83A3-4A634328BF72}.Release|Win32.ActiveCfg = Release|Win32
		{FE42C369-92A7-3284-83A3-4A634328BF72}.Release|Win32.Build.0 = Release|Win32
		{FE42C369-92A7-3284-83A3-4A634328BF72}.MinSizeRel|Win32.ActiveCfg = MinSizeRel|Win32
		{FE42C369-92A7-3284-83A3-4A634328BF72}.MinSizeRel|Win32.Build.0 = MinSizeRel|Win32
		{FE42C369-92A7-3284-83A3-4A634328BF72}.RelWithDebInfo|Win32.ActiveCfg = RelWithDebInfo|Win32
		{FE42C369-92A7-3284-83A3-4A634328BF72}.RelWithDebInfo|Win32.Build.0 = RelWithDebInfo|Win32
		{BDEC62D3-8206-3ADD-B512-F797BC24BBC8}.Debug|Win32.ActiveCfg = Debug|Win32
		{BDEC62D3-8206-3ADD-B512-F797BC24BBC8}.Debug|Win32.Build.0 = Debug|Win32
		{BDEC62D3-8206-3ADD-B512-F797BC24BBC8}.Release|Win32.ActiveCfg = Release|Win32
		{BDEC62D3-8206-3ADD-B512-F797BC24BBC8}.Release|Win32.Build.0 = Release|Win32
		{BDEC62D3-8206-3ADD-B512-F797BC24BBC8}.MinSizeRel|Win32.ActiveCfg = MinSizeRel|Win32
		{BDEC62D3-8206-3ADD-B512-F797BC24BBC8}.MinSizeRel|Win32.Build.0 = MinSizeRel|Win32
		{BDEC62D3-8206-3ADD-B512-F797BC24BBC8}.RelWithDebInfo|Win32.ActiveCfg = RelWithDebInfo|Win32
		{BDEC62D3-8206-3ADD-B512-F797BC24BBC8}.RelWithDebInfo|Win32.Build.0 = RelWithDebInfo|Win32
		{560E5F92-33A1-333E-A4EC-B18ECDB80265}.Debug|Win32.ActiveCfg = Debug|Win32
		{560E5F92-33A1-333E-A4EC-B18ECDB80265}.Debug|Win32.Build.0 = Debug|Win32
		{560E5F92-33A1-333E-A4EC-B18ECDB80265}.Release|Win32.ActiveCfg = Release|Win32
		{560E5F92-33A1-333E-A4EC-B18ECDB80265}.Release|Win32.Build.0 = Release|Win32
		{560E5F92-33A1-333E-A4EC-B18ECDB80265}.MinSizeRel|Win32.ActiveCfg = MinSizeRel|Win32
		{560E5F92-33A1-333E-A4EC-B18ECDB80265}.MinSizeRel|Win32.Build.0 = MinSizeRel|Win32
		{560E5F92-33A1-333E-A4EC-B18ECDB80265}.RelWithDebInfo|Win32.ActiveCfg = RelWithDebInfo|Win32
		{560E5F92-33A1-333E-A4EC-B18ECDB80265}.RelWithDebInfo|Win32.Build.0 = RelWithDebInfo|Win32
		{848C8518-DBB3-3BB8-9588-DF4C3B4DA055}.Debug|Win32.ActiveCfg = Debug|Win32
		{848C8518-DBB3-3BB8-9588-DF4C3B4DA055}.Debug|Win32.Build.0 = Debug|Win32
		{848C8518-DBB3-3BB8-9588-DF4C3B4DA055}.Release|Win32.ActiveCfg = Release|Win32
		{848C8518-DBB3-3BB8-9588-DF4C3B4DA055}.Release|Win32.Build.0 = Release|Win32
		{848C8518-DBB3-3BB8-9588-DF4C3B4DA055}.MinSizeRel|Win32.ActiveCfg = MinSizeRel|Win32
		{848C8518-DBB3-3BB8-9588-DF4C3B4DA055}.MinSizeRel|Win32.Build.0 = MinSizeRel|Win32
		{848C8518-DBB3-3BB8-9588-DF4C3B4DA055}.RelWithDebInfo|Win32.ActiveCfg = RelWithDebInfo|Win32
		{848C8518-DBB3-3BB8-9588-DF4C3B4DA055}.RelWithDebInfo|Win32.Build.0 = RelWithDebInfo|Win32
		{2DA22D7B-3ED7-3E8D-BE7A-194B2BD3CEF3}.Debug|Win32.ActiveCfg = Debug|Win32
		{2DA22D7B-3ED7-3E8D-BE7A-194B2BD3CEF3}.Debug|Win32.Build.0 = Debug|Win32
		{2DA22D7B-3ED7-3E8D-BE7A-194B2BD3CEF3}.Release|Win32.ActiveCfg = Release|Win32
		{2DA22D7B-3ED7-3E8D-BE7A-194B2BD3CEF3}.Release|Win32.Build.0 = Release|Win32
		{2DA22D7B-3ED7-3E8D-BE7A-194B2BD3CEF3}.MinSizeRel|Win32.ActiveCfg = MinSizeRel|Win32
		{2DA22D7B-3ED7-3E8D-BE7A-194B2BD3CEF3}.MinSizeRel|Win32.Build.0 = MinSizeRel|Win32
		{2DA22D7B-3ED7-3E8D-BE7A-194B2BD3CEF3}.RelWithDebInfo|Win32.ActiveCfg = RelWithDebInfo|Win32
		{2DA22D7B-3ED7-3E8D-BE7A-194B2BD3CEF3}.RelWithDebInfo|Win32.Build.0 = RelWithDebInfo|Win32
		{E75398FB-62F6-3923-8109-A498561449C7}.Debug|Win32.ActiveCfg = Debug|Win32
		{E75398FB-62F6-3923-8109-A498561449C7}.Debug|Win32.Build.0 = Debug|Win32
		{E75398FB-62F6-3923-8109-A498561449C7}.Release|Win32.ActiveCfg = Release|Win32
		{E75398FB-62F6-3923-8109-A498561449C7}.Release|Win32.Build.0 = Release|Win32
		{E75398FB-62F6-3923-8109-A498561449C7}.MinSizeRel|Win32.ActiveCfg = MinSizeRel|Win32
		{E75398FB-62F6-3923-8109-A498561449C7}.MinSizeRel|Win32.Build.0 = MinSizeRel|Win32
		{E75398FB-62F6-3923-8109-A498561449C7}.RelWithDebInfo|Win32.ActiveCfg = RelWithDebInfo|Win32
		{E75398FB-62F6-3923-8109-A498561449C7}.RelWithDebInfo|Win32.Build.0 = RelWithDebInfo|Win32
		{C020CFD4-6175-34F8-9FED-D5B431CC03BF}.Debug|Win32.ActiveCfg = Debug|Win32
		{C020CFD4-6175-34F8-9FED-D5B431CC03BF}.Debug|Win32.Build.0 = Debug|Win32
		{C020CFD4-6175-34F8-9FED-D5B431CC03BF}.Release|Win32.ActiveCfg = Release|Win32
		{C020CFD4-6175-34F8-9FED-D5B431CC03BF}.Release|Win32.Build.0 = Release|Win32
		{C020CFD4-6175-34F8-9FED-D5B431CC03BF}.MinSizeRel|Win32.ActiveCfg = MinSizeRel|Win32
		{C020CFD4-6175-34F8-9FED-D5B431CC03BF}.MinSizeRel|Win32.Build.0 = MinSizeRel|Win32
		{C020CFD4-6175-34F8-9FED-D5B431CC03BF}.RelWithDebInfo|Win32.ActiveCfg = RelWithDebInfo|Win32
		{C020CFD4-6175-34F8-9FED-D5B431CC03BF}.RelWithDebInfo|Win32.Build.0 = RelWithDebInfo|Win32
		{D5489FA6-80C2-3F46-840D-D4A982D9B325}.Debug|Win32.ActiveCfg = Debug|Win32
		{D5489FA6-80C2-3F46-840D-D4A982D9B325}.Debug|Win32.Build.0 = Debug|Win32
		{D5489FA6-80C2-3F46-840D-D4A982D9B325}.Release|Win32.ActiveCfg = Release|Win32
		{D5489FA6-80C2-3F46-840D-D4A982D9B325}.Release|Win32.Build.0 = Release|Win32
		{D5489FA6-80C2-3F46-840D-D4A982D9B325}.MinSizeRel|Win32.ActiveCfg = MinSizeRel|Win32
		{D5489FA6-80C2-3F46-840D-D4A982D9B325}.MinSizeRel|Win32.Build.0 = MinSizeRel|Win32
		{D5489FA6-80C2-3F46-840D-D4A982D9B325}.RelWithDebInfo|Win32.ActiveCfg = RelWithDebInfo|Win32
		{D5489FA6-80C2-3F46-840D-D4A982D9B325}.RelWithDebInfo|Win32.Build.0 = RelWithDebInfo|Win32
		{92C17567-9678-31CC-B34A-54180BEFF1EB}.Debug|Win32.ActiveCfg = Debug|Win32
		{92C17567-9678-31CC-B34A-54180BEFF1EB}.Debug|Win32.Build.0 = Debug|Win32
		{92C17567-9678-31CC-B34A-54180BEFF1EB}.Release|Win32.ActiveCfg = Release|Win32
		{92C17567-9678-31CC-B34A-54180BEFF1EB}.Release|Win32.Build.0 = Release|Win32
		{92C17567-9678-31CC-B34A-54180BEFF1EB}.MinSizeRel|Win32.ActiveCfg = MinSizeRel|Win32
		{92C17567-9678-31CC-B34A-54180BEFF1EB}.MinSizeRel|Win32.Build.0 = MinSizeRel|Win32
		{92C17567-9678-31CC-B34A-54180BEFF1EB}.RelWithDebInfo|Win32.ActiveCfg = RelWithDebInfo|Win32
		{92C17567-9678-31CC-B34A-54180BEFF1EB}.RelWithDebInfo|Win32.Build.0 = RelWithDebInfo|Win32
		{AFFD7C70-7AFC-382F-940D-E64DD78A7BCA}.Debug|Win32.ActiveCfg = Debug|Win32
		{AFFD7C70-7AFC-382F-940D-E64DD78A7BCA}.Debug|Win32.Build.0 = Debug|Win32
		{AFFD7C70-7AFC-382F-940D-E64DD78A7BCA}.Release|Win32.ActiveCfg = Release|Win32
		{AFFD7C70-7AFC-382F-940D-E64DD78A7BCA}.Release|Win32.Build.0 = Release|Win32
		{AFFD7C70-7AFC-382F-940D-E64DD78A7BCA}.MinSizeRel|Win32.ActiveCfg = MinSizeRel|Win32
		{AFFD7C70-7AFC-382F-940D-E64DD78A7BCA}.MinSizeRel|Win32.Build.0 = MinSizeRel|Win32
		{AFFD7C70-7AFC-382F-940D-E64DD78A7BCA}.RelWithDebInfo|Win32.ActiveCfg = RelWithDebInfo|Win32
		{AFFD7C70-7AFC-382F-940D-E64DD78A7BCA}.RelWithDebInfo|Win32.Build.0 = RelWithDebInfo|Win32
		{40DC3199-878A-377E-8571-EC55FF6665F1}.Debug|Win32.ActiveCfg = Debug|Win32
		{40DC3199-878A-377E-8571-EC55FF6665F1}.Debug|Win32.Build.0 = Debug|Win32
		{40DC3199-878A-377E-8571-EC55FF6665F1}.Release|Win32.ActiveCfg = Release|Win32
		{40DC3199-878A-377E-8571-EC55FF6665F1}.Release|Win32.Build.0 = Release|Win32
		{40DC3199-878A-377E-8571-EC55FF6665F1}.MinSizeRel|Win32.ActiveCfg = MinSizeRel|Win32
		{40DC3199-878A-377E-8571-EC55FF6665F1}.MinSizeRel|Win32.Build.0 = MinSizeRel|Win32
		{40DC3199-878A-377E-8571-EC55FF6665F1}.RelWithDebInfo|Win32.ActiveCfg = RelWithDebInfo|Win32
		{40DC3199-878A-377E-8571-EC55FF6665F1}.RelWithDebInfo|Win32.Build.0 = RelWithDebInfo|Win32
		{89A5C86A-7C42-380E-9BF9-0993AECE0AA6}.Debug|Win32.ActiveCfg = Debug|Win32
		{89A5C86A-7C42-380E-9BF9-0993AECE0AA6}.Debug|Win32.Build.0 = Debug|Win32
		{89A5C86A-7C42-380E-9BF9-0993AECE0AA6}.Release|Win32.ActiveCfg = Release|Win32
		{89A5C86A-7C42-380E-9BF9-0993AECE0AA6}.Release|Win32.Build.0 = Release|Win32
		{89A5C86A-7C42-380E-9BF9-0993AECE0AA6}.MinSizeRel|Win32.ActiveCfg = MinSizeRel|Win32
		{89A5C86A-7C42-380E-9BF9-0993AECE0AA6}.MinSizeRel|Win32.Build.0 = MinSizeRel|Win32
		{89A5C86A-7C42-380E-9BF9-0993AECE0AA6}.RelWithDebInfo|Win32.ActiveCfg = RelWithDebInfo|Win32
		{89A5C86A-7C42-380E-9BF9-0993AECE0AA6}.RelWithDebInfo|Win32.Build.0 = RelWithDebInfo|Win32
		{EB3741AE-0F40-3587-8322-6EC43C77FAAD}.Debug|Win32.ActiveCfg = Debug|Win32
		{EB3741AE-0F40-3587-8322-6EC43C77FAAD}.Debug|Win32.Build.0 = Debug|Win32
		{EB3741AE-0F40-3587-8322-6EC43C77FAAD}.Release|Win32.ActiveCfg = Release|Win32
		{EB3741AE-0F40-3587-8322-6EC43C77FAAD}.Release|Win32.Build.0 = Release|Win32
		{EB3741AE-0F40-3587-8322-6EC43C77FAAD}.MinSizeRel|Win32.ActiveCfg = MinSizeRel|Win32
		{EB3741AE-0F40-3587-8322-6EC43C77FAAD}.MinSizeRel|Win32.Build.0 = MinSizeRel|Win32
		{EB3741AE-0F40-3587-8322-6EC43C77FAAD}.RelWithDebInfo|Win32.ActiveCfg = RelWithDebInfo|Win32
		{EB3741AE-0F40-3587-8322-6EC43C77FAAD}.RelWithDebInfo|Win32.Build.0 = RelWithDebInfo|Win32
		{29404FEE-F8E7-3BBD-A565-A30CF0C2E8FC}.Debug|Win32.ActiveCfg = Debug|Win32
		{29404FEE-F8E7-3BBD-A565-A30CF0C2E8FC}.Debug|Win32.Build.0 = Debug|Win32
		{29404FEE-F8E7-3BBD-A565-A30CF0C2E8FC}.Release|Win32.ActiveCfg = Release|Win32
		{29404FEE-F8E7-3BBD-A565-A30CF0C2E8FC}.Release|Win32.Build.0 = Release|Win32
		{29404FEE-F8E7-3BBD-A565-A30CF0C2E8FC}.MinSizeRel|Win32.ActiveCfg = MinSizeRel|Win32
		{29404FEE-F8E7-3BBD-A565-A30CF0C2E8FC}.MinSizeRel|Win32.Build.0 = MinSizeRel|Win32
		{29404FEE-F8E7-3BBD-A565-A30CF0C2E8FC}.RelWithDebInfo|Win32.ActiveCfg = RelWithDebInfo|Win32
		{29404FEE-F8E7-3BBD-A565-A30CF0C2E8FC}.RelWithDebInfo|Win32.Build.0 = RelWithDebInfo|Win32
	EndGlobalSection
	GlobalSection(NestedProjects) = preSolution
		{56C4553B-2BF4-3008-BD52-B115AFFBA007} = {9B1333FD-F6CA-39A1-BB63-0215D6557E25}
		{FE42C369-92A7-3284-83A3-4A634328BF72} = {9B1333FD-F6CA-39A1-BB63-0215D6557E25}
		{848C8518-DBB3-3BB8-9588-DF4C3B4DA055} = {D94F9B59-10B7-38F4-8E21-77FF7DB30BC3}
		{2DA22D7B-3ED7-3E8D-BE7A-194B2BD3CEF3} = {D94F9B59-10B7-38F4-8E21-77FF7DB30BC3}
		{E75398FB-62F6-3923-8109-A498561449C7} = {D94F9B59-10B7-38F4-8E21-77FF7DB30BC3}
		{C020CFD4-6175-34F8-9FED-D5B431CC03BF} = {D94F9B59-10B7-38F4-8E21-77FF7DB30BC3}
		{D5489FA6-80C2-3F46-840D-D4A982D9B325} = {D94F9B59-10B7-38F4-8E21-77FF7DB30BC3}
		{92C17567-9678-31CC-B34A-54180BEFF1EB} = {D94F9B59-10B7-38F4-8E21-77FF7DB30BC3}
		{AFFD7C70-7AFC-382F-940D-E64DD78A7BCA} = {D94F9B59-10B7-38F4-8E21-77FF7DB30BC3}
		{40DC3199-878A-377E-8571-EC55FF6665F1} = {D94F9B59-10B7-38F4-8E21-77FF7DB30BC3}
		{89A5C86A-7C42-380E-9BF9-0993AECE0AA6} = {D94F9B59-10B7-38F4-8E21-77FF7DB30BC3}
		{EB3741AE-0F40-3587-8322-6EC43C77FAAD} = {D94F9B59-10B7-38F4-8E21-77FF7DB30BC3}
		{29404FEE-F8E7-3BBD-A565-A30CF0C2E8FC} = {D94F9B59-10B7-38F4-8E21-77FF7DB30BC3}
		{560E5F92-33A1-333E-A4EC-B18ECDB80265} = {7A1DE077-85CF-3808-AE9F-E67531D17C7A}
		{15088783-92AF-34A8-8C02-C9830DA25EE0} = {78FDEF2B-B260-3698-B6CC-7DDBE449B5D6}
	EndGlobalSection
	GlobalSection(ExtensibilityGlobals) = postSolution
		SolutionGuid = {B7511618-4FB8-38A4-A7D6-58DC19A3C614}
	EndGlobalSection
	GlobalSection(ExtensibilityAddIns) = postSolution
	EndGlobalSection
EndGlobal
