<?xml version="1.0" encoding="utf-8"?>
<Project ToolsVersion="15.0" xmlns="http://schemas.microsoft.com/developer/msbuild/2003">
  <ItemGroup>
    <CustomBuild Include="C:\Users\n3rdt\Documents\QuantumQuarrel\proj.win32\CMakeFiles\f57cfce77985301b38393c6eea6ca6b0\SYNC_RESOURCE-QuantumQuarrel.rule">
      <Filter>CMake Rules</Filter>
    </CustomBuild>
    <CustomBuild Include="C:\Users\n3rdt\Documents\QuantumQuarrel\CMakeLists.txt" />
  </ItemGroup>
  <ItemGroup>
    <None Include="C:\Users\n3rdt\Documents\QuantumQuarrel\proj.win32\CMakeFiles\SYNC_RESOURCE-QuantumQuarrel" />
  </ItemGroup>
  <ItemGroup>
    <Filter Include="CMake Rules">
      <UniqueIdentifier>{B027A48B-5F1A-35E7-A012-A9B8C14476CC}</UniqueIdentifier>
    </Filter>
  </ItemGroup>
</Project>
